
Microsoft Visual Studio Solution File, Format Version 12.00
# Visual Studio Version 17
VisualStudioVersion = 17.3.32929.385
MinimumVisualStudioVersion = 10.0.40219.1
Project("{8BC9CEB8-8B4A-11D0-8D11-00A0C91BC942}") = "AdjustCameraDistance", "EldenRingCameraDistance\EldenRingCameraDistance.vcxproj", "{8F314A88-EEE1-4D82-87B9-853339D61657}"
EndProject
Project("{2150E333-8FDC-42A3-9474-1A3956D46DE8}") = "Solution Items", "Solution Items", "{D3CF56C8-CB9D-4E93-AFC9-D811AAB36459}"
	ProjectSection(SolutionItems) = preProject
		README.md = README.md
	EndProjectSection
EndProject
Global
	GlobalSection(SolutionConfigurationPlatforms) = preSolution
		Debug|x64 = Debug|x64
		Debug|x86 = Debug|x86
		Release|x64 = Release|x64
		Release|x86 = Release|x86
	EndGlobalSection
	GlobalSection(ProjectConfigurationPlatforms) = postSolution
		{8F314A88-EEE1-4D82-87B9-853339D61657}.Debug|x64.ActiveCfg = Debug|x64
		{8F314A88-EEE1-4D82-87B9-853339D61657}.Debug|x64.Build.0 = Debug|x64
		{8F314A88-EEE1-4D82-87B9-853339D61657}.Debug|x86.ActiveCfg = Debug|Win32
		{8F314A88-EEE1-4D82-87B9-853339D61657}.Debug|x86.Build.0 = Debug|Win32
		{8F314A88-EEE1-4D82-87B9-853339D61657}.Release|x64.ActiveCfg = Release|x64
		{8F314A88-EEE1-4D82-87B9-853339D61657}.Release|x64.Build.0 = Release|x64
		{8F314A88-EEE1-4D82-87B9-853339D61657}.Release|x86.ActiveCfg = Release|Win32
		{8F314A88-EEE1-4D82-87B9-853339D61657}.Release|x86.Build.0 = Release|Win32
	EndGlobalSection
	GlobalSection(SolutionProperties) = preSolution
		HideSolutionNode = FALSE
	EndGlobalSection
	GlobalSection(ExtensibilityGlobals) = postSolution
		SolutionGuid = {2237220E-EE63-461A-ADC0-1CD8CA6B5B75}
	EndGlobalSection
EndGlobal
